PODS:
  - MultiPlatformLibrary (0.1.0)

DEPENDENCIES:
  - MultiPlatformLibrary (from `../mpp-library`)

EXTERNAL SOURCES:
  MultiPlatformLibrary:
    :path: "../mpp-library"

SPEC CHECKSUMS:
  MultiPlatformLibrary: 17d6f2734e9e3594f158c753a7b3163924927bf5

PODFILE CHECKSUM: 4dc3d3d07024ddce4dcc52d0b1d6d2b2dc746dc4

COCOAPODS: 1.9.1
